// !$*UTF8*$!
{
	archiveVersion = 1;
	classes = {
	};
	objectVersion = 46;
	objects = {

/* Begin PBXBuildFile section */
		6BAAB1101B3EDD7B0015C0F3 /* SMTUtilities.m in Sources */ = {isa = PBXBuildFile; fileRef = 6BAAB10F1B3EDD7B0015C0F3 /* SMTUtilities.m */; };
		6BB598C11B3EA1480050CD18 /* main.m in Sources */ = {isa = PBXBuildFile; fileRef = 6BB598C01B3EA1480050CD18 /* main.m */; };
		6BB598C41B3EA1480050CD18 /* AppDelegate.m in Sources */ = {isa = PBXBuildFile; fileRef = 6BB598C31B3EA1480050CD18 /* AppDelegate.m */; };
		6BB598CA1B3EA1480050CD18 /* Main.storyboard in Resources */ = {isa = PBXBuildFile; fileRef = 6BB598C81B3EA1480050CD18 /* Main.storyboard */; };
		6BB598CC1B3EA1480050CD18 /* Images.xcassets in Resources */ = {isa = PBXBuildFile; fileRef = 6BB598CB1B3EA1480050CD18 /* Images.xcassets */; };
		6BB598CF1B3EA1480050CD18 /* LaunchScreen.xib in Resources */ = {isa = PBXBuildFile; fileRef = 6BB598CD1B3EA1480050CD18 /* LaunchScreen.xib */; };
		6BB598EB1B3EA32E0050CD18 /* MainViewController.m in Sources */ = {isa = PBXBuildFile; fileRef = 6BB598E91B3EA32E0050CD18 /* MainViewController.m */; };
		6BB598EC1B3EA32E0050CD18 /* MainViewController.xib in Resources */ = {isa = PBXBuildFile; fileRef = 6BB598EA1B3EA32E0050CD18 /* MainViewController.xib */; };
/* End PBXBuildFile section */

/* Begin PBXContainerItemProxy section */
		6BB598D51B3EA1480050CD18 /* PBXContainerItemProxy */ = {
			isa = PBXContainerItemProxy;
			containerPortal = 6BB598B31B3EA1480050CD18 /* Project object */;
			proxyType = 1;
			remoteGlobalIDString = 6BB598BA1B3EA1480050CD18;
			remoteInfo = SMTUtilitiesDemo;
		};
/* End PBXContainerItemProxy section */

/* Begin PBXFileReference section */
		6BAAB10E1B3EDD7B0015C0F3 /* SMTUtilities.h */ = {isa = PBXFileReference; fileEncoding = 4; lastKnownFileType = sourcecode.c.h; path = SMTUtilities.h; sourceTree = "<group>"; };
		6BAAB10F1B3EDD7B0015C0F3 /* SMTUtilities.m */ = {isa = PBXFileReference; fileEncoding = 4; lastKnownFileType = sourcecode.c.objc; path = SMTUtilities.m; sourceTree = "<group>"; };
		6BB598BB1B3EA1480050CD18 /* SMTUtilitiesDemo.app */ = {isa = PBXFileReference; explicitFileType = wrapper.application; includeInIndex = 0; path = SMTUtilitiesDemo.app; sourceTree = BUILT_PRODUCTS_DIR; };
		6BB598BF1B3EA1480050CD18 /* Info.plist */ = {isa = PBXFileReference; lastKnownFileType = text.plist.xml; path = Info.plist; sourceTree = "<group>"; };
		6BB598C01B3EA1480050CD18 /* main.m */ = {isa = PBXFileReference; lastKnownFileType = sourcecode.c.objc; path = main.m; sourceTree = "<group>"; };
		6BB598C21B3EA1480050CD18 /* AppDelegate.h */ = {isa = PBXFileReference; lastKnownFileType = sourcecode.c.h; path = AppDelegate.h; sourceTree = "<group>"; };
		6BB598C31B3EA1480050CD18 /* AppDelegate.m */ = {isa = PBXFileReference; lastKnownFileType = sourcecode.c.objc; path = AppDelegate.m; sourceTree = "<group>"; };
		6BB598C91B3EA1480050CD18 /* Base */ = {isa = PBXFileReference; lastKnownFileType = file.storyboard; name = Base; path = Base.lproj/Main.storyboard; sourceTree = "<group>"; };
		6BB598CB1B3EA1480050CD18 /* Images.xcassets */ = {isa = PBXFileReference; lastKnownFileType = folder.assetcatalog; path = Images.xcassets; sourceTree = "<group>"; };
		6BB598CE1B3EA1480050CD18 /* Base */ = {isa = PBXFileReference; lastKnownFileType = file.xib; name = Base; path = Base.lproj/LaunchScreen.xib; sourceTree = "<group>"; };
		6BB598D41B3EA1480050CD18 /* SMTUtilitiesDemoTests.xctest */ = {isa = PBXFileReference; explicitFileType = wrapper.cfbundle; includeInIndex = 0; path = SMTUtilitiesDemoTests.xctest; sourceTree = BUILT_PRODUCTS_DIR; };
		6BB598E81B3EA32E0050CD18 /* MainViewController.h */ = {isa = PBXFileReference; fileEncoding = 4; lastKnownFileType = sourcecode.c.h; path = MainViewController.h; sourceTree = "<group>"; };
		6BB598E91B3EA32E0050CD18 /* MainViewController.m */ = {isa = PBXFileReference; fileEncoding = 4; lastKnownFileType = sourcecode.c.objc; path = MainViewController.m; sourceTree = "<group>"; };
		6BB598EA1B3EA32E0050CD18 /* MainViewController.xib */ = {isa = PBXFileReference; fileEncoding = 4; lastKnownFileType = file.xib; path = MainViewController.xib; sourceTree = "<group>"; };
/* End PBXFileReference section */

/* Begin PBXFrameworksBuildPhase section */
		6BB598B81B3EA1480050CD18 /* Frameworks */ = {
			isa = PBXFrameworksBuildPhase;
			buildActionMask = 2147483647;
			files = (
			);
			runOnlyForDeploymentPostprocessing = 0;
		};
		6BB598D11B3EA1480050CD18 /* Frameworks */ = {
			isa = PBXFrameworksBuildPhase;
			buildActionMask = 2147483647;
			files = (
			);
			runOnlyForDeploymentPostprocessing = 0;
		};
/* End PBXFrameworksBuildPhase section */

/* Begin PBXGroup section */
		6BAAB10D1B3EDD7B0015C0F3 /* SMTUtilities */ = {
			isa = PBXGroup;
			children = (
				6BAAB10E1B3EDD7B0015C0F3 /* SMTUtilities.h */,
				6BAAB10F1B3EDD7B0015C0F3 /* SMTUtilities.m */,
			);
			path = SMTUtilities;
			sourceTree = "<group>";
		};
		6BB598B21B3EA1480050CD18 = {
			isa = PBXGroup;
			children = (
				6BAAB10D1B3EDD7B0015C0F3 /* SMTUtilities */,
				6BB598BD1B3EA1480050CD18 /* SMTUtilitiesDemo */,
				6BB598BC1B3EA1480050CD18 /* Products */,
			);
			sourceTree = "<group>";
		};
		6BB598BC1B3EA1480050CD18 /* Products */ = {
			isa = PBXGroup;
			children = (
				6BB598BB1B3EA1480050CD18 /* SMTUtilitiesDemo.app */,
				6BB598D41B3EA1480050CD18 /* SMTUtilitiesDemoTests.xctest */,
			);
			name = Products;
			sourceTree = "<group>";
		};
		6BB598BD1B3EA1480050CD18 /* SMTUtilitiesDemo */ = {
			isa = PBXGroup;
			children = (
				6BB598C21B3EA1480050CD18 /* AppDelegate.h */,
				6BB598C31B3EA1480050CD18 /* AppDelegate.m */,
				6BB598C81B3EA1480050CD18 /* Main.storyboard */,
				6BB598CB1B3EA1480050CD18 /* Images.xcassets */,
				6BB598CD1B3EA1480050CD18 /* LaunchScreen.xib */,
				6BB598BE1B3EA1480050CD18 /* Supporting Files */,
				6BB598E81B3EA32E0050CD18 /* MainViewController.h */,
				6BB598E91B3EA32E0050CD18 /* MainViewController.m */,
				6BB598EA1B3EA32E0050CD18 /* MainViewController.xib */,
			);
			path = SMTUtilitiesDemo;
			sourceTree = "<group>";
		};
		6BB598BE1B3EA1480050CD18 /* Supporting Files */ = {
			isa = PBXGroup;
			children = (
				6BB598BF1B3EA1480050CD18 /* Info.plist */,
				6BB598C01B3EA1480050CD18 /* main.m */,
			);
			name = "Supporting Files";
			sourceTree = "<group>";
		};
/* End PBXGroup section */

/* Begin PBXNativeTarget section */
		6BB598BA1B3EA1480050CD18 /* SMTUtilitiesDemo */ = {
			isa = PBXNativeTarget;
			buildConfigurationList = 6BB598DE1B3EA1480050CD18 /* Build configuration list for PBXNativeTarget "SMTUtilitiesDemo" */;
			buildPhases = (
				6BB598B71B3EA1480050CD18 /* Sources */,
				6BB598B81B3EA1480050CD18 /* Frameworks */,
				6BB598B91B3EA1480050CD18 /* Resources */,
			);
			buildRules = (
			);
			dependencies = (
			);
			name = SMTUtilitiesDemo;
			productName = SMTUtilitiesDemo;
			productReference = 6BB598BB1B3EA1480050CD18 /* SMTUtilitiesDemo.app */;
			productType = "com.apple.product-type.application";
		};
		6BB598D31B3EA1480050CD18 /* SMTUtilitiesDemoTests */ = {
			isa = PBXNativeTarget;
			buildConfigurationList = 6BB598E11B3EA1480050CD18 /* Build configuration list for PBXNativeTarget "SMTUtilitiesDemoTests" */;
			buildPhases = (
				6BB598D01B3EA1480050CD18 /* Sources */,
				6BB598D11B3EA1480050CD18 /* Frameworks */,
				6BB598D21B3EA1480050CD18 /* Resources */,
			);
			buildRules = (
			);
			dependencies = (
				6BB598D61B3EA1480050CD18 /* PBXTargetDependency */,
			);
			name = SMTUtilitiesDemoTests;
			productName = SMTUtilitiesDemoTests;
			productReference = 6BB598D41B3EA1480050CD18 /* SMTUtilitiesDemoTests.xctest */;
			productType = "com.apple.product-type.bundle.unit-test";
		};
/* End PBXNativeTarget section */

/* Begin PBXProject section */
		6BB598B31B3EA1480050CD18 /* Project object */ = {
			isa = PBXProject;
			attributes = {
				LastUpgradeCheck = 0630;
				ORGANIZATIONNAME = iamsteffi.com;
				TargetAttributes = {
					6BB598BA1B3EA1480050CD18 = {
						CreatedOnToolsVersion = 6.3.2;
					};
					6BB598D31B3EA1480050CD18 = {
						CreatedOnToolsVersion = 6.3.2;
						TestTargetID = 6BB598BA1B3EA1480050CD18;
					};
				};
			};
			buildConfigurationList = 6BB598B61B3EA1480050CD18 /* Build configuration list for PBXProject "SMTUtilitiesDemo" */;
			compatibilityVersion = "Xcode 3.2";
			developmentRegion = English;
			hasScannedForEncodings = 0;
			knownRegions = (
				en,
				Base,
			);
			mainGroup = 6BB598B21B3EA1480050CD18;
			productRefGroup = 6BB598BC1B3EA1480050CD18 /* Products */;
			projectDirPath = "";
			projectRoot = "";
			targets = (
				6BB598BA1B3EA1480050CD18 /* SMTUtilitiesDemo */,
				6BB598D31B3EA1480050CD18 /* SMTUtilitiesDemoTests */,
			);
		};
/* End PBXProject section */

/* Begin PBXResourcesBuildPhase section */
		6BB598B91B3EA1480050CD18 /* Resources */ = {
			isa = PBXResourcesBuildPhase;
			buildActionMask = 2147483647;
			files = (
				6BB598CA1B3EA1480050CD18 /* Main.storyboard in Resources */,
				6BB598CF1B3EA1480050CD18 /* LaunchScreen.xib in Resources */,
				6BB598CC1B3EA1480050CD18 /* Images.xcassets in Resources */,
				6BB598EC1B3EA32E0050CD18 /* MainViewController.xib in Resources */,
			);
			runOnlyForDeploymentPostprocessing = 0;
		};
		6BB598D21B3EA1480050CD18 /* Resources */ = {
			isa = PBXResourcesBuildPhase;
			buildActionMask = 2147483647;
			files = (
			);
			runOnlyForDeploymentPostprocessing = 0;
		};
/* End PBXResourcesBuildPhase section */

/* Begin PBXSourcesBuildPhase section */
		6BB598B71B3EA1480050CD18 /* Sources */ = {
			isa = PBXSourcesBuildPhase;
			buildActionMask = 2147483647;
			files = (
				6BB598C41B3EA1480050CD18 /* AppDelegate.m in Sources */,
				6BAAB1101B3EDD7B0015C0F3 /* SMTUtilities.m in Sources */,
				6BB598C11B3EA1480050CD18 /* main.m in Sources */,
				6BB598EB1B3EA32E0050CD18 /* MainViewController.m in Sources */,
			);
			runOnlyForDeploymentPostprocessing = 0;
		};
		6BB598D01B3EA1480050CD18 /* Sources */ = {
			isa = PBXSourcesBuildPhase;
			buildActionMask = 2147483647;
			files = (
			);
			runOnlyForDeploymentPostprocessing = 0;
		};
/* End PBXSourcesBuildPhase section */

/* Begin PBXTargetDependency section */
		6BB598D61B3EA1480050CD18 /* PBXTargetDependency */ = {
			isa = PBXTargetDependency;
			target = 6BB598BA1B3EA1480050CD18 /* SMTUtilitiesDemo */;
			targetProxy = 6BB598D51B3EA1480050CD18 /* PBXContainerItemProxy */;
		};
/* End PBXTargetDependency section */

/* Begin PBXVariantGroup section */
		6BB598C81B3EA1480050CD18 /* Main.storyboard */ = {
			isa = PBXVariantGroup;
			children = (
				6BB598C91B3EA1480050CD18 /* Base */,
			);
			name = Main.storyboard;
			sourceTree = "<group>";
		};
		6BB598CD1B3EA1480050CD18 /* LaunchScreen.xib */ = {
			isa = PBXVariantGroup;
			children = (
				6BB598CE1B3EA1480050CD18 /* Base */,
			);
			name = LaunchScreen.xib;
			sourceTree = "<group>";
		};
/* End PBXVariantGroup section */

/* Begin XCBuildConfiguration section */
		6BB598DC1B3EA1480050CD18 /* Debug */ = {
			isa = XCBuildConfiguration;
			buildSettings = {
				ALWAYS_SEARCH_USER_PATHS = NO;
				CLANG_CXX_LANGUAGE_STANDARD = "gnu++0x";
				CLANG_CXX_LIBRARY = "libc++";
				CLANG_ENABLE_MODULES = YES;
				CLANG_ENABLE_OBJC_ARC = YES;
				CLANG_WARN_BOOL_CONVERSION = YES;
				CLANG_WARN_CONSTANT_CONVERSION = YES;
				CLANG_WARN_DIRECT_OBJC_ISA_USAGE = YES_ERROR;
				CLANG_WARN_EMPTY_BODY = YES;
				CLANG_WARN_ENUM_CONVERSION = YES;
				CLANG_WARN_INT_CONVERSION = YES;
				CLANG_WARN_OBJC_ROOT_CLASS = YES_ERROR;
				CLANG_WARN_UNREACHABLE_CODE = YES;
				CLANG_WARN__DUPLICATE_METHOD_MATCH = YES;
				"CODE_SIGN_IDENTITY[sdk=iphoneos*]" = "iPhone Developer";
				COPY_PHASE_STRIP = NO;
				DEBUG_INFORMATION_FORMAT = "dwarf-with-dsym";
				ENABLE_STRICT_OBJC_MSGSEND = YES;
				GCC_C_LANGUAGE_STANDARD = gnu99;
				GCC_DYNAMIC_NO_PIC = NO;
				GCC_NO_COMMON_BLOCKS = YES;
				GCC_OPTIMIZATION_LEVEL = 0;
				GCC_PREPROCESSOR_DEFINITIONS = (
					"DEBUG=1",
					"$(inherited)",
				);
				GCC_SYMBOLS_PRIVATE_EXTERN = NO;
				GCC_WARN_64_TO_32_BIT_CONVERSION = YES;
				GCC_WARN_ABOUT_RETURN_TYPE = YES_ERROR;
				GCC_WARN_UNDECLARED_SELECTOR = YES;
				GCC_WARN_UNINITIALIZED_AUTOS = YES_AGGRESSIVE;
				GCC_WARN_UNUSED_FUNCTION = YES;
				GCC_WARN_UNUSED_VARIABLE = YES;
				IPHONEOS_DEPLOYMENT_TARGET = 8.3;
				MTL_ENABLE_DEBUG_INFO = YES;
				ONLY_ACTIVE_ARCH = YES;
				SDKROOT = iphoneos;
			};
			name = Debug;
		};
		6BB598DD1B3EA1480050CD18 /* Release */ = {
			isa = XCBuildConfiguration;
			buildSettings = {
				ALWAYS_SEARCH_USER_PATHS = NO;
				CLANG_CXX_LANGUAGE_STANDARD = "gnu++0x";
				CLANG_CXX_LIBRARY = "libc++";
				CLANG_ENABLE_MODULES = YES;
				CLANG_ENABLE_OBJC_ARC = YES;
				CLANG_WARN_BOOL_CONVERSION = YES;
				CLANG_WARN_CONSTANT_CONVERSION = YES;
				CLANG_WARN_DIRECT_OBJC_ISA_USAGE = YES_ERROR;
				CLANG_WARN_EMPTY_BODY = YES;
				CLANG_WARN_ENUM_CONVERSION = YES;
				CLANG_WARN_INT_CONVERSION = YES;
				CLANG_WARN_OBJC_ROOT_CLASS = YES_ERROR;
				CLANG_WARN_UNREACHABLE_CODE = YES;
				CLANG_WARN__DUPLICATE_METHOD_MATCH = YES;
				"CODE_SIGN_IDENTITY[sdk=iphoneos*]" = "iPhone Developer";
				COPY_PHASE_STRIP = NO;
				DEBUG_INFORMATION_FORMAT = "dwarf-with-dsym";
				ENABLE_NS_ASSERTIONS = NO;
				ENABLE_STRICT_OBJC_MSGSEND = YES;
				GCC_C_LANGUAGE_STANDARD = gnu99;
				GCC_NO_COMMON_BLOCKS = YES;
				GCC_WARN_64_TO_32_BIT_CONVERSION = YES;
				GCC_WARN_ABOUT_RETURN_TYPE = YES_ERROR;
				GCC_WARN_UNDECLARED_SELECTOR = YES;
				GCC_WARN_UNINITIALIZED_AUTOS = YES_AGGRESSIVE;
				GCC_WARN_UNUSED_FUNCTION = YES;
				GCC_WARN_UNUSED_VARIABLE = YES;
				IPHONEOS_DEPLOYMENT_TARGET = 8.3;
				MTL_ENABLE_DEBUG_INFO = NO;
				SDKROOT = iphoneos;
				VALIDATE_PRODUCT = YES;
			};
			name = Release;
		};
		6BB598DF1B3EA1480050CD18 /* Debug */ = {
			isa = XCBuildConfiguration;
			buildSettings = {
				ASSETCATALOG_COMPILER_APPICON_NAME = AppIcon;
				INFOPLIST_FILE = SMTUtilitiesDemo/Info.plist;
				IPHONEOS_DEPLOYMENT_TARGET = 7.0;
				LD_RUNPATH_SEARCH_PATHS = "$(inherited) @executable_path/Frameworks";
				PRODUCT_NAME = "$(TARGET_NAME)";
			};
			name = Debug;
		};
		6BB598E01B3EA1480050CD18 /* Release */ = {
			isa = XCBuildConfiguration;
			buildSettings = {
				ASSETCATALOG_COMPILER_APPICON_NAME = AppIcon;
				INFOPLIST_FILE = SMTUtilitiesDemo/Info.plist;
				IPHONEOS_DEPLOYMENT_TARGET = 7.0;
				LD_RUNPATH_SEARCH_PATHS = "$(inherited) @executable_path/Frameworks";
				PRODUCT_NAME = "$(TARGET_NAME)";
			};
			name = Release;
		};
		6BB598E21B3EA1480050CD18 /* Debug */ = {
			isa = XCBuildConfiguration;
			buildSettings = {
				BUNDLE_LOADER = "$(TEST_HOST)";
				FRAMEWORK_SEARCH_PATHS = (
					"$(SDKROOT)/Developer/Library/Frameworks",
					"$(inherited)",
				);
				GCC_PREPROCESSOR_DEFINITIONS = (
					"DEBUG=1",
					"$(inherited)",
				);
				INFOPLIST_FILE = SMTUtilitiesDemoTests/Info.plist;
				LD_RUNPATH_SEARCH_PATHS = "$(inherited) @executable_path/Frameworks @loader_path/Frameworks";
				PRODUCT_NAME = "$(TARGET_NAME)";
				TEST_HOST = "$(BUILT_PRODUCTS_DIR)/SMTUtilitiesDemo.app/SMTUtilitiesDemo";
			};
			name = Debug;
		};
		6BB598E31B3EA1480050CD18 /* Release */ = {
			isa = XCBuildConfiguration;
			buildSettings = {
				BUNDLE_LOADER = "$(TEST_HOST)";
				FRAMEWORK_SEARCH_PATHS = (
					"$(SDKROOT)/Developer/Library/Frameworks",
					"$(inherited)",
				);
				INFOPLIST_FILE = SMTUtilitiesDemoTests/Info.plist;
				LD_RUNPATH_SEARCH_PATHS = "$(inherited) @executable_path/Frameworks @loader_path/Frameworks";
				PRODUCT_NAME = "$(TARGET_NAME)";
				TEST_HOST = "$(BUILT_PRODUCTS_DIR)/SMTUtilitiesDemo.app/SMTUtilitiesDemo";
			};
			name = Release;
		};
/* End XCBuildConfiguration section */

/* Begin XCConfigurationList section */
		6BB598B61B3EA1480050CD18 /* Build configuration list for PBXProject "SMTUtilitiesDemo" */ = {
			isa = XCConfigurationList;
			buildConfigurations = (
				6BB598DC1B3EA1480050CD18 /* Debug */,
				6BB598DD1B3EA1480050CD18 /* Release */,
			);
			defaultConfigurationIsVisible = 0;
			defaultConfigurationName = Release;
		};
		6BB598DE1B3EA1480050CD18 /* Build configuration list for PBXNativeTarget "SMTUtilitiesDemo" */ = {
			isa = XCConfigurationList;
			buildConfigurations = (
				6BB598DF1B3EA1480050CD18 /* Debug */,
				6BB598E01B3EA1480050CD18 /* Release */,
			);
			defaultConfigurationIsVisible = 0;
			defaultConfigurationName = Release;
		};
		6BB598E11B3EA1480050CD18 /* Build configuration list for PBXNativeTarget "SMTUtilitiesDemoTests" */ = {
			isa = XCConfigurationList;
			buildConfigurations = (
				6BB598E21B3EA1480050CD18 /* Debug */,
				6BB598E31B3EA1480050CD18 /* Release */,
			);
			defaultConfigurationIsVisible = 0;
			defaultConfigurationName = Release;
		};
/* End XCConfigurationList section */
	};
	rootObject = 6BB598B31B3EA1480050CD18 /* Project object */;
}
